
Microsoft Visual Studio Solution File, Format Version 10.00
# Visual Studio 2008
Project("{8BC9CEB8-8B4A-11D0-8D11-00A0C91BC942}") = "FigureCenterTest", "FigureCenterTest\FigureCenterTest.vcproj", "{DF84C0F5-EC7F-4E0E-8513-260B69712458}"
EndProject
Global
	GlobalSection(SolutionConfigurationPlatforms) = preSolution
		Debug|Win32 = Debug|Win32
		Release|Win32 = Release|Win32
	EndGlobalSection
	GlobalSection(ProjectConfigurationPlatforms) = postSolution
		{DF84C0F5-EC7F-4E0E-8513-260B69712458}.Debug|Win32.ActiveCfg = Release|Win32
		{DF84C0F5-EC7F-4E0E-8513-260B69712458}.Debug|Win32.Build.0 = Release|Win32
		{DF84C0F5-EC7F-4E0E-8513-260B69712458}.Release|Win32.ActiveCfg = Release|Win32
		{DF84C0F5-EC7F-4E0E-8513-260B69712458}.Release|Win32.Build.0 = Release|Win32
	EndGlobalSection
	GlobalSection(SolutionProperties) = preSolution
		HideSolutionNode = FALSE
	EndGlobalSection
EndGlobal
